# THIS IS AN AUTOGENERATED FILE. DO NOT EDIT THIS FILE DIRECTLY.
# yarn lockfile v1


iconv@*:
  version "2.3.5"
  resolved "https://registry.yarnpkg.com/iconv/-/iconv-2.3.5.tgz#5f9b9612f5b15313286748d030c6ff29efdefa33"
  integrity sha512-U5ajDbtDfadp7pvUMC0F2XbkP5vQn9Xrwa6UptePl+cK8EILxapAt3sXers9B3Gxagk+zVjL2ELKuzQvyqOwug==
  dependencies:
    nan "^2.14.0"
    safer-buffer "^2.1.2"

lodash@~4.17.11:
  version "4.17.15"
  resolved "https://registry.yarnpkg.com/lodash/-/lodash-4.17.15.tgz#b447f6670a0455bbfeedd11392eff330ea097548"
  integrity sha512-8xOcRHvCjnocdS5cpwXQXVzmmh5e5+saE2QGoeQmbKmRS6J3VQppPOIt0MnmE+4xlZoumy0GPG0D0MVIQbNA1A==

nan@^2.14.0:
  version "2.14.1"
  resolved "https://registry.yarnpkg.com/nan/-/nan-2.14.1.tgz#d7be34dfa3105b91494c3147089315eff8874b01"
  integrity sha512-isWHgVjnFjh2x2yuJ/tj3JbwoHu3UC2dX5G/88Cm24yB6YopVgxvBObDY7n5xW6ExmFhJpSEQqFPvq9zaXc8Jw==

pdffiller@^0.0.11:
  version "0.0.11"
  resolved "https://registry.yarnpkg.com/pdffiller/-/pdffiller-0.0.11.tgz#7a56323a43c9004123cb40008b4378abe05effab"
  integrity sha512-VuiWyEgydNVeXX1rAhU+3yimEiZegtuMIBhS54bm8K6WHLzS8OSbGdVefJQGD49mmRlfCxi87JkSjyx468C8kQ==
  dependencies:
    lodash "~4.17.11"
    utf8-fdf-generator "0.0.3"

safer-buffer@^2.1.2:
  version "2.1.2"
  resolved "https://registry.yarnpkg.com/safer-buffer/-/safer-buffer-2.1.2.tgz#44fa161b0187b9549dd84bb91802f9bd8385cd6a"
  integrity sha512-YZo3K82SD7Riyi0E1EQPojLz7kpepnSQI9IyPbHHg1XXXevb5dJI7tpyN2ADxGcQbHG7vcyRHk0cbwqcQriUtg==

utf8-fdf-generator@0.0.3:
  version "0.0.3"
  resolved "https://registry.yarnpkg.com/utf8-fdf-generator/-/utf8-fdf-generator-0.0.3.tgz#397e8f7940c276d0e3d435ec27b17d3a57e8f9ce"
  integrity sha1-OX6PeUDCdtDj1DXsJ7F9Olfo+c4=
  dependencies:
    iconv "*"
